
Microsoft Visual Studio Solution File, Format Version 12.00
# Visual Studio Version 16
VisualStudioVersion = 16.0.29403.142
MinimumVisualStudioVersion = 10.0.40219.1
Project("{FAE04EC0-301F-11D3-BF4B-00C04F79EFBC}") = "Zenith.View.UWP", "Zenith.Mobile\Zenith.Mobile.UWP\Zenith.View.UWP.csproj", "{F9D32C0E-870F-45C6-8855-82AF6DEBDCC5}"
EndProject
Project("{FAE04EC0-301F-11D3-BF4B-00C04F79EFBC}") = "Zenith.View.Android", "Zenith.Mobile\Zenith.Mobile.Android\Zenith.View.Android.csproj", "{6D724712-B1E4-4E22-A21D-F169FD3A806E}"
EndProject
Project("{9A19103F-16F7-4668-BE54-9A1E7A4F7556}") = "Zenith.View", "Zenith.Mobile\Zenith.Mobile\Zenith.View.csproj", "{F225858A-DA12-47D5-8786-CFC2BE00A9D0}"
EndProject
Project("{9A19103F-16F7-4668-BE54-9A1E7A4F7556}") = "Zenith.Library", "Zenith.Library2\Zenith.Library.csproj", "{4CC2CC77-A403-4199-B099-DAD193BB1DE4}"
EndProject
Project("{FAE04EC0-301F-11D3-BF4B-00C04F79EFBC}") = "Zenith.Desktop", "Zenith.Desktop\Zenith.Desktop.csproj", "{8E3A762A-7D9C-4955-93AE-A32908657399}"
EndProject
Project("{FAE04EC0-301F-11D3-BF4B-00C04F79EFBC}") = "Zenith.UnitTests", "Zenith.UnitTests\Zenith.UnitTests.csproj", "{38F236A2-E5F8-4EAF-A56A-104C234B9899}"
EndProject
Global
	GlobalSection(SolutionConfigurationPlatforms) = preSolution
		Debug|Any CPU = Debug|Any CPU
		Debug|ARM = Debug|ARM
		Debug|x64 = Debug|x64
		Debug|x86 = Debug|x86
		Release|Any CPU = Release|Any CPU
		Release|ARM = Release|ARM
		Release|x64 = Release|x64
		Release|x86 = Release|x86
	EndGlobalSection
	GlobalSection(ProjectConfigurationPlatforms) = postSolution
		{F9D32C0E-870F-45C6-8855-82AF6DEBDCC5}.Debug|Any CPU.ActiveCfg = Debug|x86
		{F9D32C0E-870F-45C6-8855-82AF6DEBDCC5}.Debug|ARM.ActiveCfg = Debug|ARM
		{F9D32C0E-870F-45C6-8855-82AF6DEBDCC5}.Debug|ARM.Build.0 = Debug|ARM
		{F9D32C0E-870F-45C6-8855-82AF6DEBDCC5}.Debug|ARM.Deploy.0 = Debug|ARM
		{F9D32C0E-870F-45C6-8855-82AF6DEBDCC5}.Debug|x64.ActiveCfg = Debug|x64
		{F9D32C0E-870F-45C6-8855-82AF6DEBDCC5}.Debug|x64.Build.0 = Debug|x64
		{F9D32C0E-870F-45C6-8855-82AF6DEBDCC5}.Debug|x64.Deploy.0 = Debug|x64
		{F9D32C0E-870F-45C6-8855-82AF6DEBDCC5}.Debug|x86.ActiveCfg = Debug|x86
		{F9D32C0E-870F-45C6-8855-82AF6DEBDCC5}.Debug|x86.Build.0 = Debug|x86
		{F9D32C0E-870F-45C6-8855-82AF6DEBDCC5}.Debug|x86.Deploy.0 = Debug|x86
		{F9D32C0E-870F-45C6-8855-82AF6DEBDCC5}.Release|Any CPU.ActiveCfg = Release|x86
		{F9D32C0E-870F-45C6-8855-82AF6DEBDCC5}.Release|ARM.ActiveCfg = Release|ARM
		{F9D32C0E-870F-45C6-8855-82AF6DEBDCC5}.Release|ARM.Build.0 = Release|ARM
		{F9D32C0E-870F-45C6-8855-82AF6DEBDCC5}.Release|ARM.Deploy.0 = Release|ARM
		{F9D32C0E-870F-45C6-8855-82AF6DEBDCC5}.Release|x64.ActiveCfg = Release|x64
		{F9D32C0E-870F-45C6-8855-82AF6DEBDCC5}.Release|x64.Build.0 = Release|x64
		{F9D32C0E-870F-45C6-8855-82AF6DEBDCC5}.Release|x64.Deploy.0 = Release|x64
		{F9D32C0E-870F-45C6-8855-82AF6DEBDCC5}.Release|x86.ActiveCfg = Release|x86
		{F9D32C0E-870F-45C6-8855-82AF6DEBDCC5}.Release|x86.Build.0 = Release|x86
		{F9D32C0E-870F-45C6-8855-82AF6DEBDCC5}.Release|x86.Deploy.0 = Release|x86
		{6D724712-B1E4-4E22-A21D-F169FD3A806E}.Debug|Any CPU.ActiveCfg = Debug|Any CPU
		{6D724712-B1E4-4E22-A21D-F169FD3A806E}.Debug|Any CPU.Build.0 = Debug|Any CPU
		{6D724712-B1E4-4E22-A21D-F169FD3A806E}.Debug|Any CPU.Deploy.0 = Debug|Any CPU
		{6D724712-B1E4-4E22-A21D-F169FD3A806E}.Debug|ARM.ActiveCfg = Debug|Any CPU
		{6D724712-B1E4-4E22-A21D-F169FD3A806E}.Debug|ARM.Build.0 = Debug|Any CPU
		{6D724712-B1E4-4E22-A21D-F169FD3A806E}.Debug|ARM.Deploy.0 = Debug|Any CPU
		{6D724712-B1E4-4E22-A21D-F169FD3A806E}.Debug|x64.ActiveCfg = Debug|Any CPU
		{6D724712-B1E4-4E22-A21D-F169FD3A806E}.Debug|x64.Build.0 = Debug|Any CPU
		{6D724712-B1E4-4E22-A21D-F169FD3A806E}.Debug|x64.Deploy.0 = Debug|Any CPU
		{6D724712-B1E4-4E22-A21D-F169FD3A806E}.Debug|x86.ActiveCfg = Debug|Any CPU
		{6D724712-B1E4-4E22-A21D-F169FD3A806E}.Debug|x86.Build.0 = Debug|Any CPU
		{6D724712-B1E4-4E22-A21D-F169FD3A806E}.Debug|x86.Deploy.0 = Debug|Any CPU
		{6D724712-B1E4-4E22-A21D-F169FD3A806E}.Release|Any CPU.ActiveCfg = Release|Any CPU
		{6D724712-B1E4-4E22-A21D-F169FD3A806E}.Release|Any CPU.Build.0 = Release|Any CPU
		{6D724712-B1E4-4E22-A21D-F169FD3A806E}.Release|Any CPU.Deploy.0 = Release|Any CPU
		{6D724712-B1E4-4E22-A21D-F169FD3A806E}.Release|ARM.ActiveCfg = Release|Any CPU
		{6D724712-B1E4-4E22-A21D-F169FD3A806E}.Release|ARM.Build.0 = Release|Any CPU
		{6D724712-B1E4-4E22-A21D-F169FD3A806E}.Release|ARM.Deploy.0 = Release|Any CPU
		{6D724712-B1E4-4E22-A21D-F169FD3A806E}.Release|x64.ActiveCfg = Release|Any CPU
		{6D724712-B1E4-4E22-A21D-F169FD3A806E}.Release|x64.Build.0 = Release|Any CPU
		{6D724712-B1E4-4E22-A21D-F169FD3A806E}.Release|x64.Deploy.0 = Release|Any CPU
		{6D724712-B1E4-4E22-A21D-F169FD3A806E}.Release|x86.ActiveCfg = Release|Any CPU
		{6D724712-B1E4-4E22-A21D-F169FD3A806E}.Release|x86.Build.0 = Release|Any CPU
		{6D724712-B1E4-4E22-A21D-F169FD3A806E}.Release|x86.Deploy.0 = Release|Any CPU
		{F225858A-DA12-47D5-8786-CFC2BE00A9D0}.Debug|Any CPU.ActiveCfg = Debug|Any CPU
		{F225858A-DA12-47D5-8786-CFC2BE00A9D0}.Debug|Any CPU.Build.0 = Debug|Any CPU
		{F225858A-DA12-47D5-8786-CFC2BE00A9D0}.Debug|ARM.ActiveCfg = Debug|Any CPU
		{F225858A-DA12-47D5-8786-CFC2BE00A9D0}.Debug|ARM.Build.0 = Debug|Any CPU
		{F225858A-DA12-47D5-8786-CFC2BE00A9D0}.Debug|x64.ActiveCfg = Debug|Any CPU
		{F225858A-DA12-47D5-8786-CFC2BE00A9D0}.Debug|x64.Build.0 = Debug|Any CPU
		{F225858A-DA12-47D5-8786-CFC2BE00A9D0}.Debug|x86.ActiveCfg = Debug|Any CPU
		{F225858A-DA12-47D5-8786-CFC2BE00A9D0}.Debug|x86.Build.0 = Debug|Any CPU
		{F225858A-DA12-47D5-8786-CFC2BE00A9D0}.Release|Any CPU.ActiveCfg = Release|Any CPU
		{F225858A-DA12-47D5-8786-CFC2BE00A9D0}.Release|Any CPU.Build.0 = Release|Any CPU
		{F225858A-DA12-47D5-8786-CFC2BE00A9D0}.Release|ARM.ActiveCfg = Release|Any CPU
		{F225858A-DA12-47D5-8786-CFC2BE00A9D0}.Release|ARM.Build.0 = Release|Any CPU
		{F225858A-DA12-47D5-8786-CFC2BE00A9D0}.Release|x64.ActiveCfg = Release|Any CPU
		{F225858A-DA12-47D5-8786-CFC2BE00A9D0}.Release|x64.Build.0 = Release|Any CPU
		{F225858A-DA12-47D5-8786-CFC2BE00A9D0}.Release|x86.ActiveCfg = Release|Any CPU
		{F225858A-DA12-47D5-8786-CFC2BE00A9D0}.Release|x86.Build.0 = Release|Any CPU
		{4CC2CC77-A403-4199-B099-DAD193BB1DE4}.Debug|Any CPU.ActiveCfg = Debug|Any CPU
		{4CC2CC77-A403-4199-B099-DAD193BB1DE4}.Debug|Any CPU.Build.0 = Debug|Any CPU
		{4CC2CC77-A403-4199-B099-DAD193BB1DE4}.Debug|ARM.ActiveCfg = Debug|Any CPU
		{4CC2CC77-A403-4199-B099-DAD193BB1DE4}.Debug|ARM.Build.0 = Debug|Any CPU
		{4CC2CC77-A403-4199-B099-DAD193BB1DE4}.Debug|x64.ActiveCfg = Debug|Any CPU
		{4CC2CC77-A403-4199-B099-DAD193BB1DE4}.Debug|x64.Build.0 = Debug|Any CPU
		{4CC2CC77-A403-4199-B099-DAD193BB1DE4}.Debug|x86.ActiveCfg = Debug|Any CPU
		{4CC2CC77-A403-4199-B099-DAD193BB1DE4}.Debug|x86.Build.0 = Debug|Any CPU
		{4CC2CC77-A403-4199-B099-DAD193BB1DE4}.Release|Any CPU.ActiveCfg = Release|Any CPU
		{4CC2CC77-A403-4199-B099-DAD193BB1DE4}.Release|Any CPU.Build.0 = Release|Any CPU
		{4CC2CC77-A403-4199-B099-DAD193BB1DE4}.Release|ARM.ActiveCfg = Release|Any CPU
		{4CC2CC77-A403-4199-B099-DAD193BB1DE4}.Release|ARM.Build.0 = Release|Any CPU
		{4CC2CC77-A403-4199-B099-DAD193BB1DE4}.Release|x64.ActiveCfg = Release|Any CPU
		{4CC2CC77-A403-4199-B099-DAD193BB1DE4}.Release|x64.Build.0 = Release|Any CPU
		{4CC2CC77-A403-4199-B099-DAD193BB1DE4}.Release|x86.ActiveCfg = Release|Any CPU
		{4CC2CC77-A403-4199-B099-DAD193BB1DE4}.Release|x86.Build.0 = Release|Any CPU
		{8E3A762A-7D9C-4955-93AE-A32908657399}.Debug|Any CPU.ActiveCfg = Debug|Any CPU
		{8E3A762A-7D9C-4955-93AE-A32908657399}.Debug|Any CPU.Build.0 = Debug|Any CPU
		{8E3A762A-7D9C-4955-93AE-A32908657399}.Debug|ARM.ActiveCfg = Debug|Any CPU
		{8E3A762A-7D9C-4955-93AE-A32908657399}.Debug|ARM.Build.0 = Debug|Any CPU
		{8E3A762A-7D9C-4955-93AE-A32908657399}.Debug|x64.ActiveCfg = Debug|Any CPU
		{8E3A762A-7D9C-4955-93AE-A32908657399}.Debug|x64.Build.0 = Debug|Any CPU
		{8E3A762A-7D9C-4955-93AE-A32908657399}.Debug|x86.ActiveCfg = Debug|Any CPU
		{8E3A762A-7D9C-4955-93AE-A32908657399}.Debug|x86.Build.0 = Debug|Any CPU
		{8E3A762A-7D9C-4955-93AE-A32908657399}.Release|Any CPU.ActiveCfg = Release|Any CPU
		{8E3A762A-7D9C-4955-93AE-A32908657399}.Release|Any CPU.Build.0 = Release|Any CPU
		{8E3A762A-7D9C-4955-93AE-A32908657399}.Release|ARM.ActiveCfg = Release|Any CPU
		{8E3A762A-7D9C-4955-93AE-A32908657399}.Release|ARM.Build.0 = Release|Any CPU
		{8E3A762A-7D9C-4955-93AE-A32908657399}.Release|x64.ActiveCfg = Release|Any CPU
		{8E3A762A-7D9C-4955-93AE-A32908657399}.Release|x64.Build.0 = Release|Any CPU
		{8E3A762A-7D9C-4955-93AE-A32908657399}.Release|x86.ActiveCfg = Release|Any CPU
		{8E3A762A-7D9C-4955-93AE-A32908657399}.Release|x86.Build.0 = Release|Any CPU
		{38F236A2-E5F8-4EAF-A56A-104C234B9899}.Debug|Any CPU.ActiveCfg = Debug|Any CPU
		{38F236A2-E5F8-4EAF-A56A-104C234B9899}.Debug|Any CPU.Build.0 = Debug|Any CPU
		{38F236A2-E5F8-4EAF-A56A-104C234B9899}.Debug|ARM.ActiveCfg = Debug|Any CPU
		{38F236A2-E5F8-4EAF-A56A-104C234B9899}.Debug|ARM.Build.0 = Debug|Any CPU
		{38F236A2-E5F8-4EAF-A56A-104C234B9899}.Debug|x64.ActiveCfg = Debug|Any CPU
		{38F236A2-E5F8-4EAF-A56A-104C234B9899}.Debug|x64.Build.0 = Debug|Any CPU
		{38F236A2-E5F8-4EAF-A56A-104C234B9899}.Debug|x86.ActiveCfg = Debug|Any CPU
		{38F236A2-E5F8-4EAF-A56A-104C234B9899}.Debug|x86.Build.0 = Debug|Any CPU
		{38F236A2-E5F8-4EAF-A56A-104C234B9899}.Release|Any CPU.ActiveCfg = Release|Any CPU
		{38F236A2-E5F8-4EAF-A56A-104C234B9899}.Release|Any CPU.Build.0 = Release|Any CPU
		{38F236A2-E5F8-4EAF-A56A-104C234B9899}.Release|ARM.ActiveCfg = Release|Any CPU
		{38F236A2-E5F8-4EAF-A56A-104C234B9899}.Release|ARM.Build.0 = Release|Any CPU
		{38F236A2-E5F8-4EAF-A56A-104C234B9899}.Release|x64.ActiveCfg = Release|Any CPU
		{38F236A2-E5F8-4EAF-A56A-104C234B9899}.Release|x64.Build.0 = Release|Any CPU
		{38F236A2-E5F8-4EAF-A56A-104C234B9899}.Release|x86.ActiveCfg = Release|Any CPU
		{38F236A2-E5F8-4EAF-A56A-104C234B9899}.Release|x86.Build.0 = Release|Any CPU
	EndGlobalSection
	GlobalSection(SolutionProperties) = preSolution
		HideSolutionNode = FALSE
	EndGlobalSection
	GlobalSection(ExtensibilityGlobals) = postSolution
		SolutionGuid = {4F695670-B1CA-45A8-A2EC-DC2A506730A5}
	EndGlobalSection
EndGlobal
