
Microsoft Visual Studio Solution File, Format Version 12.00
# Visual Studio Version 16
VisualStudioVersion = 16.0.29403.142
MinimumVisualStudioVersion = 10.0.40219.1
Project("{FAE04EC0-301F-11D3-BF4B-00C04F79EFBC}") = "Zenith.Library", "Zenith.Library\Zenith.Library.csproj", "{88028ED8-1D8D-4540-9695-18F411C15A1E}"
EndProject
Project("{FAE04EC0-301F-11D3-BF4B-00C04F79EFBC}") = "Zenith.Desktop", "Zenith.Desktop\Zenith.Desktop.csproj", "{8E3A762A-7D9C-4955-93AE-A32908657399}"
EndProject
Global
	GlobalSection(SolutionConfigurationPlatforms) = preSolution
		Debug|Any CPU = Debug|Any CPU
		Release|Any CPU = Release|Any CPU
	EndGlobalSection
	GlobalSection(ProjectConfigurationPlatforms) = postSolution
		{88028ED8-1D8D-4540-9695-18F411C15A1E}.Debug|Any CPU.ActiveCfg = Debug|Any CPU
		{88028ED8-1D8D-4540-9695-18F411C15A1E}.Debug|Any CPU.Build.0 = Debug|Any CPU
		{88028ED8-1D8D-4540-9695-18F411C15A1E}.Release|Any CPU.ActiveCfg = Release|Any CPU
		{88028ED8-1D8D-4540-9695-18F411C15A1E}.Release|Any CPU.Build.0 = Release|Any CPU
		{8E3A762A-7D9C-4955-93AE-A32908657399}.Debug|Any CPU.ActiveCfg = Debug|Any CPU
		{8E3A762A-7D9C-4955-93AE-A32908657399}.Debug|Any CPU.Build.0 = Debug|Any CPU
		{8E3A762A-7D9C-4955-93AE-A32908657399}.Release|Any CPU.ActiveCfg = Release|Any CPU
		{8E3A762A-7D9C-4955-93AE-A32908657399}.Release|Any CPU.Build.0 = Release|Any CPU
	EndGlobalSection
	GlobalSection(SolutionProperties) = preSolution
		HideSolutionNode = FALSE
	EndGlobalSection
	GlobalSection(ExtensibilityGlobals) = postSolution
		SolutionGuid = {4F695670-B1CA-45A8-A2EC-DC2A506730A5}
	EndGlobalSection
EndGlobal
